// !$*UTF8*$!
{
	archiveVersion = 1;
	classes = {
	};
	objectVersion = 55;
	objects = {

/* Begin PBXBuildFile section */
		DF11E7CF2809B6D0002C7299 /* AppDelegate.swift in Sources */ = {isa = PBXBuildFile; fileRef = DF11E7CE2809B6D0002C7299 /* AppDelegate.swift */; };
		DF11E7D12809B6D0002C7299 /* SceneDelegate.swift in Sources */ = {isa = PBXBuildFile; fileRef = DF11E7D02809B6D0002C7299 /* SceneDelegate.swift */; };
		DF11E7D82809B6D0002C7299 /* Assets.xcassets in Resources */ = {isa = PBXBuildFile; fileRef = DF11E7D72809B6D0002C7299 /* Assets.xcassets */; };
		DF11E7DB2809B6D0002C7299 /* LaunchScreen.storyboard in Resources */ = {isa = PBXBuildFile; fileRef = DF11E7D92809B6D0002C7299 /* LaunchScreen.storyboard */; };
		DF11E7E92809B8D0002C7299 /* AppCoordinatable.swift in Sources */ = {isa = PBXBuildFile; fileRef = DF11E7E82809B8D0002C7299 /* AppCoordinatable.swift */; };
		DF11E7EB2809B8E5002C7299 /* ChildCoordinatable.swift in Sources */ = {isa = PBXBuildFile; fileRef = DF11E7EA2809B8E5002C7299 /* ChildCoordinatable.swift */; };
		DF11E7F22809B9D8002C7299 /* AppCoordinator.swift in Sources */ = {isa = PBXBuildFile; fileRef = DF11E7F12809B9D8002C7299 /* AppCoordinator.swift */; };
		DF11E7F42809B9EF002C7299 /* AuthorizedCoordinator.swift in Sources */ = {isa = PBXBuildFile; fileRef = DF11E7F32809B9EF002C7299 /* AuthorizedCoordinator.swift */; };
		DF11E7F62809BA03002C7299 /* ScreensFactory.swift in Sources */ = {isa = PBXBuildFile; fileRef = DF11E7F52809BA03002C7299 /* ScreensFactory.swift */; };
		DF11E7F82809BA27002C7299 /* PortfolioCoordinator.swift in Sources */ = {isa = PBXBuildFile; fileRef = DF11E7F72809BA27002C7299 /* PortfolioCoordinator.swift */; };
		DF11E7FA2809BA3B002C7299 /* SearchCoordinator.swift in Sources */ = {isa = PBXBuildFile; fileRef = DF11E7F92809BA3B002C7299 /* SearchCoordinator.swift */; };
		DF11E7FC2809BA4C002C7299 /* SettingsCoordinator.swift in Sources */ = {isa = PBXBuildFile; fileRef = DF11E7FB2809BA4C002C7299 /* SettingsCoordinator.swift */; };
		DF11E7FE2809BA5D002C7299 /* TabBarController.swift in Sources */ = {isa = PBXBuildFile; fileRef = DF11E7FD2809BA5D002C7299 /* TabBarController.swift */; };
		DF11E8002809BA70002C7299 /* PortfolioViewController.swift in Sources */ = {isa = PBXBuildFile; fileRef = DF11E7FF2809BA70002C7299 /* PortfolioViewController.swift */; };
		DF11E8022809BA81002C7299 /* SearchViewController.swift in Sources */ = {isa = PBXBuildFile; fileRef = DF11E8012809BA81002C7299 /* SearchViewController.swift */; };
		DF11E8042809BA92002C7299 /* SettingsViewController.swift in Sources */ = {isa = PBXBuildFile; fileRef = DF11E8032809BA92002C7299 /* SettingsViewController.swift */; };
		DF11E8082809BEEB002C7299 /* PortfolioTableViewCell.swift in Sources */ = {isa = PBXBuildFile; fileRef = DF11E8072809BEEB002C7299 /* PortfolioTableViewCell.swift */; };
		DF457A1E280C4C5D003EB2FD /* ChartView.swift in Sources */ = {isa = PBXBuildFile; fileRef = DF457A1D280C4C5D003EB2FD /* ChartView.swift */; };
		DF457A22280C4C98003EB2FD /* CVCandle.swift in Sources */ = {isa = PBXBuildFile; fileRef = DF457A21280C4C98003EB2FD /* CVCandle.swift */; };
		DF457A25280C4CB3003EB2FD /* DefaultChartStyle.swift in Sources */ = {isa = PBXBuildFile; fileRef = DF457A24280C4CB3003EB2FD /* DefaultChartStyle.swift */; };
		DF457A27280C4CCB003EB2FD /* CVTimeframe.swift in Sources */ = {isa = PBXBuildFile; fileRef = DF457A26280C4CCB003EB2FD /* CVTimeframe.swift */; };
		DF457A29280C5E23003EB2FD /* APICaller.swift in Sources */ = {isa = PBXBuildFile; fileRef = DF457A28280C5E23003EB2FD /* APICaller.swift */; };
		DF457A2D280C5F8F003EB2FD /* MarketDataResponse.swift in Sources */ = {isa = PBXBuildFile; fileRef = DF457A2C280C5F8F003EB2FD /* MarketDataResponse.swift */; };
		DF457A2F280C6860003EB2FD /* DateFormatter + Ext..swift in Sources */ = {isa = PBXBuildFile; fileRef = DF457A2E280C6860003EB2FD /* DateFormatter + Ext..swift */; };
		DF457A31280C77A8003EB2FD /* UIColor + Ext..swift in Sources */ = {isa = PBXBuildFile; fileRef = DF457A30280C77A8003EB2FD /* UIColor + Ext..swift */; };
		DF457A35280C7B98003EB2FD /* Section.swift in Sources */ = {isa = PBXBuildFile; fileRef = DF457A34280C7B98003EB2FD /* Section.swift */; };
		DF457A37280C7BB8003EB2FD /* SettingsTableViewModel.swift in Sources */ = {isa = PBXBuildFile; fileRef = DF457A36280C7BB8003EB2FD /* SettingsTableViewModel.swift */; };
		DF457A39280C7BE7003EB2FD /* ProfileTableViewCell.swift in Sources */ = {isa = PBXBuildFile; fileRef = DF457A38280C7BE7003EB2FD /* ProfileTableViewCell.swift */; };
		DF457A3B280C7C00003EB2FD /* DefaultTableViewCell.swift in Sources */ = {isa = PBXBuildFile; fileRef = DF457A3A280C7C00003EB2FD /* DefaultTableViewCell.swift */; };
		DF457A3D280C7C1A003EB2FD /* StaticTableViewCell.swift in Sources */ = {isa = PBXBuildFile; fileRef = DF457A3C280C7C1A003EB2FD /* StaticTableViewCell.swift */; };
		DF457A3F280C7C42003EB2FD /* SwitchTableViewCell.swift in Sources */ = {isa = PBXBuildFile; fileRef = DF457A3E280C7C42003EB2FD /* SwitchTableViewCell.swift */; };
		DF59E1A1280C1C4F005910E6 /* DetailViewController.swift in Sources */ = {isa = PBXBuildFile; fileRef = DF59E1A0280C1C4F005910E6 /* DetailViewController.swift */; };
		DF59E1A4280C2865005910E6 /* FullChartViewController.swift in Sources */ = {isa = PBXBuildFile; fileRef = DF59E1A3280C2865005910E6 /* FullChartViewController.swift */; };
/* End PBXBuildFile section */

/* Begin PBXFileReference section */
		DF11E7CB2809B6D0002C7299 /* Stock Explorer.app */ = {isa = PBXFileReference; explicitFileType = wrapper.application; includeInIndex = 0; path = "Stock Explorer.app"; sourceTree = BUILT_PRODUCTS_DIR; };
		DF11E7CE2809B6D0002C7299 /* AppDelegate.swift */ = {isa = PBXFileReference; lastKnownFileType = sourcecode.swift; path = AppDelegate.swift; sourceTree = "<group>"; };
		DF11E7D02809B6D0002C7299 /* SceneDelegate.swift */ = {isa = PBXFileReference; lastKnownFileType = sourcecode.swift; path = SceneDelegate.swift; sourceTree = "<group>"; };
		DF11E7D72809B6D0002C7299 /* Assets.xcassets */ = {isa = PBXFileReference; lastKnownFileType = folder.assetcatalog; path = Assets.xcassets; sourceTree = "<group>"; };
		DF11E7DA2809B6D0002C7299 /* Base */ = {isa = PBXFileReference; lastKnownFileType = file.storyboard; name = Base; path = Base.lproj/LaunchScreen.storyboard; sourceTree = "<group>"; };
		DF11E7DC2809B6D0002C7299 /* Info.plist */ = {isa = PBXFileReference; lastKnownFileType = text.plist.xml; path = Info.plist; sourceTree = "<group>"; };
		DF11E7E82809B8D0002C7299 /* AppCoordinatable.swift */ = {isa = PBXFileReference; lastKnownFileType = sourcecode.swift; path = AppCoordinatable.swift; sourceTree = "<group>"; };
		DF11E7EA2809B8E5002C7299 /* ChildCoordinatable.swift */ = {isa = PBXFileReference; lastKnownFileType = sourcecode.swift; path = ChildCoordinatable.swift; sourceTree = "<group>"; };
		DF11E7F12809B9D8002C7299 /* AppCoordinator.swift */ = {isa = PBXFileReference; lastKnownFileType = sourcecode.swift; path = AppCoordinator.swift; sourceTree = "<group>"; };
		DF11E7F32809B9EF002C7299 /* AuthorizedCoordinator.swift */ = {isa = PBXFileReference; lastKnownFileType = sourcecode.swift; path = AuthorizedCoordinator.swift; sourceTree = "<group>"; };
		DF11E7F52809BA03002C7299 /* ScreensFactory.swift */ = {isa = PBXFileReference; lastKnownFileType = sourcecode.swift; path = ScreensFactory.swift; sourceTree = "<group>"; };
		DF11E7F72809BA27002C7299 /* PortfolioCoordinator.swift */ = {isa = PBXFileReference; lastKnownFileType = sourcecode.swift; path = PortfolioCoordinator.swift; sourceTree = "<group>"; };
		DF11E7F92809BA3B002C7299 /* SearchCoordinator.swift */ = {isa = PBXFileReference; lastKnownFileType = sourcecode.swift; path = SearchCoordinator.swift; sourceTree = "<group>"; };
		DF11E7FB2809BA4C002C7299 /* SettingsCoordinator.swift */ = {isa = PBXFileReference; lastKnownFileType = sourcecode.swift; path = SettingsCoordinator.swift; sourceTree = "<group>"; };
		DF11E7FD2809BA5D002C7299 /* TabBarController.swift */ = {isa = PBXFileReference; lastKnownFileType = sourcecode.swift; path = TabBarController.swift; sourceTree = "<group>"; };
		DF11E7FF2809BA70002C7299 /* PortfolioViewController.swift */ = {isa = PBXFileReference; lastKnownFileType = sourcecode.swift; path = PortfolioViewController.swift; sourceTree = "<group>"; };
		DF11E8012809BA81002C7299 /* SearchViewController.swift */ = {isa = PBXFileReference; lastKnownFileType = sourcecode.swift; path = SearchViewController.swift; sourceTree = "<group>"; };
		DF11E8032809BA92002C7299 /* SettingsViewController.swift */ = {isa = PBXFileReference; lastKnownFileType = sourcecode.swift; path = SettingsViewController.swift; sourceTree = "<group>"; };
		DF11E8072809BEEB002C7299 /* PortfolioTableViewCell.swift */ = {isa = PBXFileReference; lastKnownFileType = sourcecode.swift; path = PortfolioTableViewCell.swift; sourceTree = "<group>"; };
		DF457A1D280C4C5D003EB2FD /* ChartView.swift */ = {isa = PBXFileReference; lastKnownFileType = sourcecode.swift; path = ChartView.swift; sourceTree = "<group>"; };
		DF457A21280C4C98003EB2FD /* CVCandle.swift */ = {isa = PBXFileReference; lastKnownFileType = sourcecode.swift; path = CVCandle.swift; sourceTree = "<group>"; };
		DF457A24280C4CB3003EB2FD /* DefaultChartStyle.swift */ = {isa = PBXFileReference; lastKnownFileType = sourcecode.swift; path = DefaultChartStyle.swift; sourceTree = "<group>"; };
		DF457A26280C4CCB003EB2FD /* CVTimeframe.swift */ = {isa = PBXFileReference; lastKnownFileType = sourcecode.swift; path = CVTimeframe.swift; sourceTree = "<group>"; };
		DF457A28280C5E23003EB2FD /* APICaller.swift */ = {isa = PBXFileReference; lastKnownFileType = sourcecode.swift; path = APICaller.swift; sourceTree = "<group>"; };
		DF457A2C280C5F8F003EB2FD /* MarketDataResponse.swift */ = {isa = PBXFileReference; lastKnownFileType = sourcecode.swift; path = MarketDataResponse.swift; sourceTree = "<group>"; };
		DF457A2E280C6860003EB2FD /* DateFormatter + Ext..swift */ = {isa = PBXFileReference; lastKnownFileType = sourcecode.swift; path = "DateFormatter + Ext..swift"; sourceTree = "<group>"; };
		DF457A30280C77A8003EB2FD /* UIColor + Ext..swift */ = {isa = PBXFileReference; lastKnownFileType = sourcecode.swift; path = "UIColor + Ext..swift"; sourceTree = "<group>"; };
		DF457A34280C7B98003EB2FD /* Section.swift */ = {isa = PBXFileReference; lastKnownFileType = sourcecode.swift; path = Section.swift; sourceTree = "<group>"; };
		DF457A36280C7BB8003EB2FD /* SettingsTableViewModel.swift */ = {isa = PBXFileReference; lastKnownFileType = sourcecode.swift; path = SettingsTableViewModel.swift; sourceTree = "<group>"; };
		DF457A38280C7BE7003EB2FD /* ProfileTableViewCell.swift */ = {isa = PBXFileReference; lastKnownFileType = sourcecode.swift; path = ProfileTableViewCell.swift; sourceTree = "<group>"; };
		DF457A3A280C7C00003EB2FD /* DefaultTableViewCell.swift */ = {isa = PBXFileReference; lastKnownFileType = sourcecode.swift; path = DefaultTableViewCell.swift; sourceTree = "<group>"; };
		DF457A3C280C7C1A003EB2FD /* StaticTableViewCell.swift */ = {isa = PBXFileReference; lastKnownFileType = sourcecode.swift; path = StaticTableViewCell.swift; sourceTree = "<group>"; };
		DF457A3E280C7C42003EB2FD /* SwitchTableViewCell.swift */ = {isa = PBXFileReference; lastKnownFileType = sourcecode.swift; path = SwitchTableViewCell.swift; sourceTree = "<group>"; };
		DF59E1A0280C1C4F005910E6 /* DetailViewController.swift */ = {isa = PBXFileReference; lastKnownFileType = sourcecode.swift; path = DetailViewController.swift; sourceTree = "<group>"; };
		DF59E1A3280C2865005910E6 /* FullChartViewController.swift */ = {isa = PBXFileReference; lastKnownFileType = sourcecode.swift; path = FullChartViewController.swift; sourceTree = "<group>"; };
/* End PBXFileReference section */

/* Begin PBXFrameworksBuildPhase section */
		DF11E7C82809B6D0002C7299 /* Frameworks */ = {
			isa = PBXFrameworksBuildPhase;
			buildActionMask = 2147483647;
			files = (
			);
			runOnlyForDeploymentPostprocessing = 0;
		};
/* End PBXFrameworksBuildPhase section */

/* Begin PBXGroup section */
		DF11E7C22809B6D0002C7299 = {
			isa = PBXGroup;
			children = (
				DF11E7CD2809B6D0002C7299 /* Stock Explorer */,
				DF11E7CC2809B6D0002C7299 /* Products */,
			);
			sourceTree = "<group>";
		};
		DF11E7CC2809B6D0002C7299 /* Products */ = {
			isa = PBXGroup;
			children = (
				DF11E7CB2809B6D0002C7299 /* Stock Explorer.app */,
			);
			name = Products;
			sourceTree = "<group>";
		};
		DF11E7CD2809B6D0002C7299 /* Stock Explorer */ = {
			isa = PBXGroup;
			children = (
				DF11E7E22809B813002C7299 /* Application */,
				DF11E7E42809B883002C7299 /* Managers */,
				DF11E7EC2809B8F5002C7299 /* Core */,
				DF11E7E52809B895002C7299 /* Library */,
				DF11E7E32809B827002C7299 /* Resources */,
			);
			path = "Stock Explorer";
			sourceTree = "<group>";
		};
		DF11E7E22809B813002C7299 /* Application */ = {
			isa = PBXGroup;
			children = (
				DF11E7CE2809B6D0002C7299 /* AppDelegate.swift */,
				DF11E7D02809B6D0002C7299 /* SceneDelegate.swift */,
				DF11E7D92809B6D0002C7299 /* LaunchScreen.storyboard */,
			);
			path = Application;
			sourceTree = "<group>";
		};
		DF11E7E32809B827002C7299 /* Resources */ = {
			isa = PBXGroup;
			children = (
				DF11E7DC2809B6D0002C7299 /* Info.plist */,
				DF11E7D72809B6D0002C7299 /* Assets.xcassets */,
			);
			path = Resources;
			sourceTree = "<group>";
		};
		DF11E7E42809B883002C7299 /* Managers */ = {
			isa = PBXGroup;
			children = (
				DF457A28280C5E23003EB2FD /* APICaller.swift */,
			);
			path = Managers;
			sourceTree = "<group>";
		};
		DF11E7E52809B895002C7299 /* Library */ = {
			isa = PBXGroup;
			children = (
				DF11E7E72809B8AA002C7299 /* Extensions */,
				DF11E7E62809B8A3002C7299 /* Protocols */,
			);
			path = Library;
			sourceTree = "<group>";
		};
		DF11E7E62809B8A3002C7299 /* Protocols */ = {
			isa = PBXGroup;
			children = (
				DF11E7E82809B8D0002C7299 /* AppCoordinatable.swift */,
				DF11E7EA2809B8E5002C7299 /* ChildCoordinatable.swift */,
			);
			path = Protocols;
			sourceTree = "<group>";
		};
		DF11E7E72809B8AA002C7299 /* Extensions */ = {
			isa = PBXGroup;
			children = (
				DF457A2E280C6860003EB2FD /* DateFormatter + Ext..swift */,
				DF457A30280C77A8003EB2FD /* UIColor + Ext..swift */,
			);
			path = Extensions;
			sourceTree = "<group>";
		};
		DF11E7EC2809B8F5002C7299 /* Core */ = {
			isa = PBXGroup;
			children = (
				DF11E7ED2809B8FC002C7299 /* AppFlow */,
				DF11E7EF2809B90D002C7299 /* Child Coordinators */,
				DF11E7EE2809B903002C7299 /* Factories */,
				DF11E7F02809B91C002C7299 /* ViewControllers */,
				DF457A2A280C5F78003EB2FD /* Models */,
				DF11E8062809BEAE002C7299 /* Views */,
			);
			path = Core;
			sourceTree = "<group>";
		};
		DF11E7ED2809B8FC002C7299 /* AppFlow */ = {
			isa = PBXGroup;
			children = (
				DF11E7F12809B9D8002C7299 /* AppCoordinator.swift */,
				DF11E7F32809B9EF002C7299 /* AuthorizedCoordinator.swift */,
			);
			path = AppFlow;
			sourceTree = "<group>";
		};
		DF11E7EE2809B903002C7299 /* Factories */ = {
			isa = PBXGroup;
			children = (
				DF11E7F52809BA03002C7299 /* ScreensFactory.swift */,
			);
			path = Factories;
			sourceTree = "<group>";
		};
		DF11E7EF2809B90D002C7299 /* Child Coordinators */ = {
			isa = PBXGroup;
			children = (
				DF11E7F72809BA27002C7299 /* PortfolioCoordinator.swift */,
				DF11E7F92809BA3B002C7299 /* SearchCoordinator.swift */,
				DF11E7FB2809BA4C002C7299 /* SettingsCoordinator.swift */,
			);
			path = "Child Coordinators";
			sourceTree = "<group>";
		};
		DF11E7F02809B91C002C7299 /* ViewControllers */ = {
			isa = PBXGroup;
			children = (
				DF11E7FD2809BA5D002C7299 /* TabBarController.swift */,
				DF11E7FF2809BA70002C7299 /* PortfolioViewController.swift */,
				DF11E8012809BA81002C7299 /* SearchViewController.swift */,
				DF11E8032809BA92002C7299 /* SettingsViewController.swift */,
				DF59E1A2280C1C54005910E6 /* UIPageView tabs */,
			);
			path = ViewControllers;
			sourceTree = "<group>";
		};
		DF11E8062809BEAE002C7299 /* Views */ = {
			isa = PBXGroup;
			children = (
				DF457A32280C7ABE003EB2FD /* Table Cells */,
				DF457A1C280C4B56003EB2FD /* ChartView */,
				DF11E8072809BEEB002C7299 /* PortfolioTableViewCell.swift */,
			);
			path = Views;
			sourceTree = "<group>";
		};
		DF457A1C280C4B56003EB2FD /* ChartView */ = {
			isa = PBXGroup;
			children = (
				DF457A1D280C4C5D003EB2FD /* ChartView.swift */,
				DF46A278280EB9AB00BC2757 /* CV Layer providers */,
				DF457A20280C4C7D003EB2FD /* CV Calculations */,
				DF457A1F280C4C73003EB2FD /* CV Models */,
			);
			path = ChartView;
			sourceTree = "<group>";
		};
		DF457A1F280C4C73003EB2FD /* CV Models */ = {
			isa = PBXGroup;
			children = (
				DF457A21280C4C98003EB2FD /* CVCandle.swift */,
				DF457A24280C4CB3003EB2FD /* DefaultChartStyle.swift */,
				DF457A26280C4CCB003EB2FD /* CVTimeframe.swift */,
			);
			path = "CV Models";
			sourceTree = "<group>";
		};
		DF457A20280C4C7D003EB2FD /* CV Calculations */ = {
			isa = PBXGroup;
			children = (
			);
			path = "CV Calculations";
			sourceTree = "<group>";
		};
		DF457A2A280C5F78003EB2FD /* Models */ = {
			isa = PBXGroup;
			children = (
				DF457A33280C7B8C003EB2FD /* Settings */,
				DF457A2B280C5F81003EB2FD /* Response */,
			);
			path = Models;
			sourceTree = "<group>";
		};
		DF457A2B280C5F81003EB2FD /* Response */ = {
			isa = PBXGroup;
			children = (
				DF457A2C280C5F8F003EB2FD /* MarketDataResponse.swift */,
			);
			path = Response;
			sourceTree = "<group>";
		};
		DF457A32280C7ABE003EB2FD /* Table Cells */ = {
			isa = PBXGroup;
			children = (
				DF457A38280C7BE7003EB2FD /* ProfileTableViewCell.swift */,
				DF457A3A280C7C00003EB2FD /* DefaultTableViewCell.swift */,
				DF457A3C280C7C1A003EB2FD /* StaticTableViewCell.swift */,
				DF457A3E280C7C42003EB2FD /* SwitchTableViewCell.swift */,
			);
			path = "Table Cells";
			sourceTree = "<group>";
		};
		DF457A33280C7B8C003EB2FD /* Settings */ = {
			isa = PBXGroup;
			children = (
				DF457A34280C7B98003EB2FD /* Section.swift */,
				DF457A36280C7BB8003EB2FD /* SettingsTableViewModel.swift */,
			);
			path = Settings;
			sourceTree = "<group>";
		};
		DF46A278280EB9AB00BC2757 /* CV Layer providers */ = {
			isa = PBXGroup;
			children = (
			);
			path = "CV Layer providers";
			sourceTree = "<group>";
		};
		DF59E1A2280C1C54005910E6 /* UIPageView tabs */ = {
			isa = PBXGroup;
			children = (
				DF59E1A0280C1C4F005910E6 /* DetailViewController.swift */,
				DF59E1A3280C2865005910E6 /* FullChartViewController.swift */,
			);
			path = "UIPageView tabs";
			sourceTree = "<group>";
		};
/* End PBXGroup section */

/* Begin PBXNativeTarget section */
		DF11E7CA2809B6D0002C7299 /* Stock Explorer */ = {
			isa = PBXNativeTarget;
			buildConfigurationList = DF11E7DF2809B6D0002C7299 /* Build configuration list for PBXNativeTarget "Stock Explorer" */;
			buildPhases = (
				DF11E8052809BAA7002C7299 /* ShellScript */,
				DF11E7C72809B6D0002C7299 /* Sources */,
				DF11E7C82809B6D0002C7299 /* Frameworks */,
				DF11E7C92809B6D0002C7299 /* Resources */,
			);
			buildRules = (
			);
			dependencies = (
			);
			name = "Stock Explorer";
			packageProductDependencies = (
			);
			productName = "Stock Explorer";
			productReference = DF11E7CB2809B6D0002C7299 /* Stock Explorer.app */;
			productType = "com.apple.product-type.application";
		};
/* End PBXNativeTarget section */

/* Begin PBXProject section */
		DF11E7C32809B6D0002C7299 /* Project object */ = {
			isa = PBXProject;
			attributes = {
				BuildIndependentTargetsInParallel = 1;
				LastSwiftUpdateCheck = 1330;
				LastUpgradeCheck = 1330;
				TargetAttributes = {
					DF11E7CA2809B6D0002C7299 = {
						CreatedOnToolsVersion = 13.3.1;
					};
				};
			};
			buildConfigurationList = DF11E7C62809B6D0002C7299 /* Build configuration list for PBXProject "Stock Explorer" */;
			compatibilityVersion = "Xcode 13.0";
			developmentRegion = en;
			hasScannedForEncodings = 0;
			knownRegions = (
				en,
				Base,
			);
			mainGroup = DF11E7C22809B6D0002C7299;
			packageReferences = (
			);
			productRefGroup = DF11E7CC2809B6D0002C7299 /* Products */;
			projectDirPath = "";
			projectRoot = "";
			targets = (
				DF11E7CA2809B6D0002C7299 /* Stock Explorer */,
			);
		};
/* End PBXProject section */

/* Begin PBXResourcesBuildPhase section */
		DF11E7C92809B6D0002C7299 /* Resources */ = {
			isa = PBXResourcesBuildPhase;
			buildActionMask = 2147483647;
			files = (
				DF11E7DB2809B6D0002C7299 /* LaunchScreen.storyboard in Resources */,
				DF11E7D82809B6D0002C7299 /* Assets.xcassets in Resources */,
			);
			runOnlyForDeploymentPostprocessing = 0;
		};
/* End PBXResourcesBuildPhase section */

/* Begin PBXShellScriptBuildPhase section */
		DF11E8052809BAA7002C7299 /* ShellScript */ = {
			isa = PBXShellScriptBuildPhase;
			buildActionMask = 2147483647;
			files = (
			);
			inputFileListPaths = (
			);
			inputPaths = (
			);
			outputFileListPaths = (
			);
			outputPaths = (
			);
			runOnlyForDeploymentPostprocessing = 0;
			shellPath = /bin/sh;
			shellScript = "# Type a script or drag a script file from your workspace to insert its path.\nexport PATH=\"$PATH:/opt/homebrew/bin\"\nif which swiftlint > /dev/null; then\n  swiftlint\nelse\n  echo \"warning: SwiftLint not installed, download from https://github.com/realm/SwiftLint\"\nfi\n";
		};
/* End PBXShellScriptBuildPhase section */

/* Begin PBXSourcesBuildPhase section */
		DF11E7C72809B6D0002C7299 /* Sources */ = {
			isa = PBXSourcesBuildPhase;
			buildActionMask = 2147483647;
			files = (
				DF11E7CF2809B6D0002C7299 /* AppDelegate.swift in Sources */,
				DF457A39280C7BE7003EB2FD /* ProfileTableViewCell.swift in Sources */,
				DF11E8002809BA70002C7299 /* PortfolioViewController.swift in Sources */,
				DF457A25280C4CB3003EB2FD /* DefaultChartStyle.swift in Sources */,
				DF11E7F42809B9EF002C7299 /* AuthorizedCoordinator.swift in Sources */,
				DF11E7FE2809BA5D002C7299 /* TabBarController.swift in Sources */,
				DF11E7D12809B6D0002C7299 /* SceneDelegate.swift in Sources */,
				DF457A3D280C7C1A003EB2FD /* StaticTableViewCell.swift in Sources */,
				DF457A2D280C5F8F003EB2FD /* MarketDataResponse.swift in Sources */,
				DF457A35280C7B98003EB2FD /* Section.swift in Sources */,
				DF457A1E280C4C5D003EB2FD /* ChartView.swift in Sources */,
				DF11E7F22809B9D8002C7299 /* AppCoordinator.swift in Sources */,
				DF457A2F280C6860003EB2FD /* DateFormatter + Ext..swift in Sources */,
				DF457A31280C77A8003EB2FD /* UIColor + Ext..swift in Sources */,
				DF11E7FA2809BA3B002C7299 /* SearchCoordinator.swift in Sources */,
				DF457A22280C4C98003EB2FD /* CVCandle.swift in Sources */,
				DF59E1A1280C1C4F005910E6 /* DetailViewController.swift in Sources */,
				DF11E7FC2809BA4C002C7299 /* SettingsCoordinator.swift in Sources */,
				DF11E8022809BA81002C7299 /* SearchViewController.swift in Sources */,
				DF457A3B280C7C00003EB2FD /* DefaultTableViewCell.swift in Sources */,
				DF11E8042809BA92002C7299 /* SettingsViewController.swift in Sources */,
				DF59E1A4280C2865005910E6 /* FullChartViewController.swift in Sources */,
				DF11E8082809BEEB002C7299 /* PortfolioTableViewCell.swift in Sources */,
				DF457A27280C4CCB003EB2FD /* CVTimeframe.swift in Sources */,
				DF11E7F62809BA03002C7299 /* ScreensFactory.swift in Sources */,
				DF457A37280C7BB8003EB2FD /* SettingsTableViewModel.swift in Sources */,
				DF11E7EB2809B8E5002C7299 /* ChildCoordinatable.swift in Sources */,
				DF457A29280C5E23003EB2FD /* APICaller.swift in Sources */,
				DF457A3F280C7C42003EB2FD /* SwitchTableViewCell.swift in Sources */,
				DF11E7E92809B8D0002C7299 /* AppCoordinatable.swift in Sources */,
				DF11E7F82809BA27002C7299 /* PortfolioCoordinator.swift in Sources */,
			);
			runOnlyForDeploymentPostprocessing = 0;
		};
/* End PBXSourcesBuildPhase section */

/* Begin PBXVariantGroup section */
		DF11E7D92809B6D0002C7299 /* LaunchScreen.storyboard */ = {
			isa = PBXVariantGroup;
			children = (
				DF11E7DA2809B6D0002C7299 /* Base */,
			);
			name = LaunchScreen.storyboard;
			sourceTree = "<group>";
		};
/* End PBXVariantGroup section */

/* Begin XCBuildConfiguration section */
		DF11E7DD2809B6D0002C7299 /* Debug */ = {
			isa = XCBuildConfiguration;
			buildSettings = {
				ALWAYS_SEARCH_USER_PATHS = NO;
				CLANG_ANALYZER_NONNULL = YES;
				CLANG_ANALYZER_NUMBER_OBJECT_CONVERSION = YES_AGGRESSIVE;
				CLANG_CXX_LANGUAGE_STANDARD = "gnu++17";
				CLANG_ENABLE_MODULES = YES;
				CLANG_ENABLE_OBJC_ARC = YES;
				CLANG_ENABLE_OBJC_WEAK = YES;
				CLANG_WARN_BLOCK_CAPTURE_AUTORELEASING = YES;
				CLANG_WARN_BOOL_CONVERSION = YES;
				CLANG_WARN_COMMA = YES;
				CLANG_WARN_CONSTANT_CONVERSION = YES;
				CLANG_WARN_DEPRECATED_OBJC_IMPLEMENTATIONS = YES;
				CLANG_WARN_DIRECT_OBJC_ISA_USAGE = YES_ERROR;
				CLANG_WARN_DOCUMENTATION_COMMENTS = YES;
				CLANG_WARN_EMPTY_BODY = YES;
				CLANG_WARN_ENUM_CONVERSION = YES;
				CLANG_WARN_INFINITE_RECURSION = YES;
				CLANG_WARN_INT_CONVERSION = YES;
				CLANG_WARN_NON_LITERAL_NULL_CONVERSION = YES;
				CLANG_WARN_OBJC_IMPLICIT_RETAIN_SELF = YES;
				CLANG_WARN_OBJC_LITERAL_CONVERSION = YES;
				CLANG_WARN_OBJC_ROOT_CLASS = YES_ERROR;
				CLANG_WARN_QUOTED_INCLUDE_IN_FRAMEWORK_HEADER = YES;
				CLANG_WARN_RANGE_LOOP_ANALYSIS = YES;
				CLANG_WARN_STRICT_PROTOTYPES = YES;
				CLANG_WARN_SUSPICIOUS_MOVE = YES;
				CLANG_WARN_UNGUARDED_AVAILABILITY = YES_AGGRESSIVE;
				CLANG_WARN_UNREACHABLE_CODE = YES;
				CLANG_WARN__DUPLICATE_METHOD_MATCH = YES;
				COPY_PHASE_STRIP = NO;
				DEBUG_INFORMATION_FORMAT = dwarf;
				ENABLE_STRICT_OBJC_MSGSEND = YES;
				ENABLE_TESTABILITY = YES;
				GCC_C_LANGUAGE_STANDARD = gnu11;
				GCC_DYNAMIC_NO_PIC = NO;
				GCC_NO_COMMON_BLOCKS = YES;
				GCC_OPTIMIZATION_LEVEL = 0;
				GCC_PREPROCESSOR_DEFINITIONS = (
					"DEBUG=1",
					"$(inherited)",
				);
				GCC_WARN_64_TO_32_BIT_CONVERSION = YES;
				GCC_WARN_ABOUT_RETURN_TYPE = YES_ERROR;
				GCC_WARN_UNDECLARED_SELECTOR = YES;
				GCC_WARN_UNINITIALIZED_AUTOS = YES_AGGRESSIVE;
				GCC_WARN_UNUSED_FUNCTION = YES;
				GCC_WARN_UNUSED_VARIABLE = YES;
				IPHONEOS_DEPLOYMENT_TARGET = 15.4;
				MTL_ENABLE_DEBUG_INFO = INCLUDE_SOURCE;
				MTL_FAST_MATH = YES;
				ONLY_ACTIVE_ARCH = YES;
				SDKROOT = iphoneos;
				SWIFT_ACTIVE_COMPILATION_CONDITIONS = DEBUG;
				SWIFT_OPTIMIZATION_LEVEL = "-Onone";
			};
			name = Debug;
		};
		DF11E7DE2809B6D0002C7299 /* Release */ = {
			isa = XCBuildConfiguration;
			buildSettings = {
				ALWAYS_SEARCH_USER_PATHS = NO;
				CLANG_ANALYZER_NONNULL = YES;
				CLANG_ANALYZER_NUMBER_OBJECT_CONVERSION = YES_AGGRESSIVE;
				CLANG_CXX_LANGUAGE_STANDARD = "gnu++17";
				CLANG_ENABLE_MODULES = YES;
				CLANG_ENABLE_OBJC_ARC = YES;
				CLANG_ENABLE_OBJC_WEAK = YES;
				CLANG_WARN_BLOCK_CAPTURE_AUTORELEASING = YES;
				CLANG_WARN_BOOL_CONVERSION = YES;
				CLANG_WARN_COMMA = YES;
				CLANG_WARN_CONSTANT_CONVERSION = YES;
				CLANG_WARN_DEPRECATED_OBJC_IMPLEMENTATIONS = YES;
				CLANG_WARN_DIRECT_OBJC_ISA_USAGE = YES_ERROR;
				CLANG_WARN_DOCUMENTATION_COMMENTS = YES;
				CLANG_WARN_EMPTY_BODY = YES;
				CLANG_WARN_ENUM_CONVERSION = YES;
				CLANG_WARN_INFINITE_RECURSION = YES;
				CLANG_WARN_INT_CONVERSION = YES;
				CLANG_WARN_NON_LITERAL_NULL_CONVERSION = YES;
				CLANG_WARN_OBJC_IMPLICIT_RETAIN_SELF = YES;
				CLANG_WARN_OBJC_LITERAL_CONVERSION = YES;
				CLANG_WARN_OBJC_ROOT_CLASS = YES_ERROR;
				CLANG_WARN_QUOTED_INCLUDE_IN_FRAMEWORK_HEADER = YES;
				CLANG_WARN_RANGE_LOOP_ANALYSIS = YES;
				CLANG_WARN_STRICT_PROTOTYPES = YES;
				CLANG_WARN_SUSPICIOUS_MOVE = YES;
				CLANG_WARN_UNGUARDED_AVAILABILITY = YES_AGGRESSIVE;
				CLANG_WARN_UNREACHABLE_CODE = YES;
				CLANG_WARN__DUPLICATE_METHOD_MATCH = YES;
				COPY_PHASE_STRIP = NO;
				DEBUG_INFORMATION_FORMAT = "dwarf-with-dsym";
				ENABLE_NS_ASSERTIONS = NO;
				ENABLE_STRICT_OBJC_MSGSEND = YES;
				GCC_C_LANGUAGE_STANDARD = gnu11;
				GCC_NO_COMMON_BLOCKS = YES;
				GCC_WARN_64_TO_32_BIT_CONVERSION = YES;
				GCC_WARN_ABOUT_RETURN_TYPE = YES_ERROR;
				GCC_WARN_UNDECLARED_SELECTOR = YES;
				GCC_WARN_UNINITIALIZED_AUTOS = YES_AGGRESSIVE;
				GCC_WARN_UNUSED_FUNCTION = YES;
				GCC_WARN_UNUSED_VARIABLE = YES;
				IPHONEOS_DEPLOYMENT_TARGET = 15.4;
				MTL_ENABLE_DEBUG_INFO = NO;
				MTL_FAST_MATH = YES;
				SDKROOT = iphoneos;
				SWIFT_COMPILATION_MODE = wholemodule;
				SWIFT_OPTIMIZATION_LEVEL = "-O";
				VALIDATE_PRODUCT = YES;
			};
			name = Release;
		};
		DF11E7E02809B6D0002C7299 /* Debug */ = {
			isa = XCBuildConfiguration;
			buildSettings = {
				ASSETCATALOG_COMPILER_APPICON_NAME = AppIcon;
				ASSETCATALOG_COMPILER_GLOBAL_ACCENT_COLOR_NAME = AccentColor;
				CODE_SIGN_STYLE = Automatic;
				CURRENT_PROJECT_VERSION = 1;
				DEVELOPMENT_TEAM = Z783FFF863;
				GENERATE_INFOPLIST_FILE = YES;
				INFOPLIST_FILE = "Stock Explorer/Resources/Info.plist";
				INFOPLIST_KEY_UIApplicationSupportsIndirectInputEvents = YES;
				INFOPLIST_KEY_UILaunchStoryboardName = LaunchScreen;
				INFOPLIST_KEY_UISupportedInterfaceOrientations_iPad = "UIInterfaceOrientationPortrait UIInterfaceOrientationPortraitUpsideDown UIInterfaceOrientationLandscapeLeft UIInterfaceOrientationLandscapeRight";
				INFOPLIST_KEY_UISupportedInterfaceOrientations_iPhone = "UIInterfaceOrientationPortrait UIInterfaceOrientationLandscapeLeft UIInterfaceOrientationLandscapeRight";
				IPHONEOS_DEPLOYMENT_TARGET = 15.0;
				LD_RUNPATH_SEARCH_PATHS = (
					"$(inherited)",
					"@executable_path/Frameworks",
				);
				MARKETING_VERSION = 1.0;
				PRODUCT_BUNDLE_IDENTIFIER = "com.EugeneDudkin.Stock-Explorer";
				PRODUCT_NAME = "$(TARGET_NAME)";
				SWIFT_EMIT_LOC_STRINGS = YES;
				SWIFT_VERSION = 5.0;
				TARGETED_DEVICE_FAMILY = "1,2";
			};
			name = Debug;
		};
		DF11E7E12809B6D0002C7299 /* Release */ = {
			isa = XCBuildConfiguration;
			buildSettings = {
				ASSETCATALOG_COMPILER_APPICON_NAME = AppIcon;
				ASSETCATALOG_COMPILER_GLOBAL_ACCENT_COLOR_NAME = AccentColor;
				CODE_SIGN_STYLE = Automatic;
				CURRENT_PROJECT_VERSION = 1;
				DEVELOPMENT_TEAM = Z783FFF863;
				GENERATE_INFOPLIST_FILE = YES;
				INFOPLIST_FILE = "Stock Explorer/Resources/Info.plist";
				INFOPLIST_KEY_UIApplicationSupportsIndirectInputEvents = YES;
				INFOPLIST_KEY_UILaunchStoryboardName = LaunchScreen;
				INFOPLIST_KEY_UISupportedInterfaceOrientations_iPad = "UIInterfaceOrientationPortrait UIInterfaceOrientationPortraitUpsideDown UIInterfaceOrientationLandscapeLeft UIInterfaceOrientationLandscapeRight";
				INFOPLIST_KEY_UISupportedInterfaceOrientations_iPhone = "UIInterfaceOrientationPortrait UIInterfaceOrientationLandscapeLeft UIInterfaceOrientationLandscapeRight";
				IPHONEOS_DEPLOYMENT_TARGET = 15.0;
				LD_RUNPATH_SEARCH_PATHS = (
					"$(inherited)",
					"@executable_path/Frameworks",
				);
				MARKETING_VERSION = 1.0;
				PRODUCT_BUNDLE_IDENTIFIER = "com.EugeneDudkin.Stock-Explorer";
				PRODUCT_NAME = "$(TARGET_NAME)";
				SWIFT_EMIT_LOC_STRINGS = YES;
				SWIFT_VERSION = 5.0;
				TARGETED_DEVICE_FAMILY = "1,2";
			};
			name = Release;
		};
/* End XCBuildConfiguration section */

/* Begin XCConfigurationList section */
		DF11E7C62809B6D0002C7299 /* Build configuration list for PBXProject "Stock Explorer" */ = {
			isa = XCConfigurationList;
			buildConfigurations = (
				DF11E7DD2809B6D0002C7299 /* Debug */,
				DF11E7DE2809B6D0002C7299 /* Release */,
			);
			defaultConfigurationIsVisible = 0;
			defaultConfigurationName = Release;
		};
		DF11E7DF2809B6D0002C7299 /* Build configuration list for PBXNativeTarget "Stock Explorer" */ = {
			isa = XCConfigurationList;
			buildConfigurations = (
				DF11E7E02809B6D0002C7299 /* Debug */,
				DF11E7E12809B6D0002C7299 /* Release */,
			);
			defaultConfigurationIsVisible = 0;
			defaultConfigurationName = Release;
		};
/* End XCConfigurationList section */
	};
	rootObject = DF11E7C32809B6D0002C7299 /* Project object */;
}
